
Microsoft Visual Studio Solution File, Format Version 12.00
# Visual Studio Version 16
VisualStudioVersion = 16.0.30204.135
MinimumVisualStudioVersion = 10.0.40219.1
Project("{FAE04EC0-301F-11D3-BF4B-00C04F79EFBC}") = "API", "API.csproj", "{099A00EE-6203-4C8C-A613-A0C2C5616867}"
EndProject
Global
	GlobalSection(SolutionConfigurationPlatforms) = preSolution
		Debug|Any CPU = Debug|Any CPU
		Release|Any CPU = Release|Any CPU
	EndGlobalSection
	GlobalSection(ProjectConfigurationPlatforms) = postSolution
		{099A00EE-6203-4C8C-A613-A0C2C5616867}.Debug|Any CPU.ActiveCfg = Debug|Any CPU
		{099A00EE-6203-4C8C-A613-A0C2C5616867}.Debug|Any CPU.Build.0 = Debug|Any CPU
		{099A00EE-6203-4C8C-A613-A0C2C5616867}.Release|Any CPU.ActiveCfg = Release|Any CPU
		{099A00EE-6203-4C8C-A613-A0C2C5616867}.Release|Any CPU.Build.0 = Release|Any CPU
	EndGlobalSection
	GlobalSection(SolutionProperties) = preSolution
		HideSolutionNode = FALSE
	EndGlobalSection
	GlobalSection(ExtensibilityGlobals) = postSolution
		SolutionGuid = {0004E643-96D0-4C98-B09A-5E518A468D11}
	EndGlobalSection
EndGlobal
